
Microsoft Visual Studio Solution File, Format Version 12.00
# Visual Studio Version 16
VisualStudioVersion = 16.0.30225.117
MinimumVisualStudioVersion = 10.0.40219.1
Project("{FAE04EC0-301F-11D3-BF4B-00C04F79EFBC}") = "DesignStackExercise", "DesignStackExercise.csproj", "{951F5CA6-A189-4160-A37C-9827E115D593}"
EndProject
Global
	GlobalSection(SolutionConfigurationPlatforms) = preSolution
		Debug|Any CPU = Debug|Any CPU
		Release|Any CPU = Release|Any CPU
	EndGlobalSection
	GlobalSection(ProjectConfigurationPlatforms) = postSolution
		{951F5CA6-A189-4160-A37C-9827E115D593}.Debug|Any CPU.ActiveCfg = Debug|Any CPU
		{951F5CA6-A189-4160-A37C-9827E115D593}.Debug|Any CPU.Build.0 = Debug|Any CPU
		{951F5CA6-A189-4160-A37C-9827E115D593}.Release|Any CPU.ActiveCfg = Release|Any CPU
		{951F5CA6-A189-4160-A37C-9827E115D593}.Release|Any CPU.Build.0 = Release|Any CPU
	EndGlobalSection
	GlobalSection(SolutionProperties) = preSolution
		HideSolutionNode = FALSE
	EndGlobalSection
	GlobalSection(ExtensibilityGlobals) = postSolution
		SolutionGuid = {9E75F7CA-7EF2-4CDA-903F-6BF8BD3548BF}
	EndGlobalSection
EndGlobal
